
Microsoft Visual Studio Solution File, Format Version 12.00
# Visual Studio 15
VisualStudioVersion = 15.0.27703.2000
MinimumVisualStudioVersion = 10.0.40219.1
Project("{9A19103F-16F7-4668-BE54-9A1E7A4F7556}") = "TestRedshiftLambda", "TestRedshiftLambda\TestRedshiftLambda.csproj", "{648CB52D-0EF5-4230-BC21-EBD2E11BE9C3}"
EndProject
Global
	GlobalSection(SolutionConfigurationPlatforms) = preSolution
		Debug|Any CPU = Debug|Any CPU
		Release|Any CPU = Release|Any CPU
	EndGlobalSection
	GlobalSection(ProjectConfigurationPlatforms) = postSolution
		{648CB52D-0EF5-4230-BC21-EBD2E11BE9C3}.Debug|Any CPU.ActiveCfg = Debug|Any CPU
		{648CB52D-0EF5-4230-BC21-EBD2E11BE9C3}.Debug|Any CPU.Build.0 = Debug|Any CPU
		{648CB52D-0EF5-4230-BC21-EBD2E11BE9C3}.Release|Any CPU.ActiveCfg = Release|Any CPU
		{648CB52D-0EF5-4230-BC21-EBD2E11BE9C3}.Release|Any CPU.Build.0 = Release|Any CPU
	EndGlobalSection
	GlobalSection(SolutionProperties) = preSolution
		HideSolutionNode = FALSE
	EndGlobalSection
	GlobalSection(ExtensibilityGlobals) = postSolution
		SolutionGuid = {93B6538E-23BE-4640-9914-8633E33DCE7A}
	EndGlobalSection
EndGlobal
